
Microsoft Visual Studio Solution File, Format Version 12.00
# Visual Studio Version 16
VisualStudioVersion = 16.0.30717.126
MinimumVisualStudioVersion = 10.0.40219.1
Project("{FAE04EC0-301F-11D3-BF4B-00C04F79EFBC}") = "GreetingKata", "GreetingKata\GreetingKata.csproj", "{2C38EF91-4A60-4B16-83D9-05DB0BB6C770}"
EndProject
Global
	GlobalSection(SolutionConfigurationPlatforms) = preSolution
		Debug|Any CPU = Debug|Any CPU
		Release|Any CPU = Release|Any CPU
	EndGlobalSection
	GlobalSection(ProjectConfigurationPlatforms) = postSolution
		{2C38EF91-4A60-4B16-83D9-05DB0BB6C770}.Debug|Any CPU.ActiveCfg = Debug|Any CPU
		{2C38EF91-4A60-4B16-83D9-05DB0BB6C770}.Debug|Any CPU.Build.0 = Debug|Any CPU
		{2C38EF91-4A60-4B16-83D9-05DB0BB6C770}.Release|Any CPU.ActiveCfg = Release|Any CPU
		{2C38EF91-4A60-4B16-83D9-05DB0BB6C770}.Release|Any CPU.Build.0 = Release|Any CPU
	EndGlobalSection
	GlobalSection(SolutionProperties) = preSolution
		HideSolutionNode = FALSE
	EndGlobalSection
	GlobalSection(ExtensibilityGlobals) = postSolution
		SolutionGuid = {0C8281CE-E187-4B89-B403-5E183C17D1A8}
	EndGlobalSection
EndGlobal
